// !$*UTF8*$!
{
	archiveVersion = 1;
	classes = {
	};
	objectVersion = 46;
	objects = {

/* Begin PBXBuildFile section */
		A994C88BD6F0221768442B85 /* Pods_App1_3.framework in Frameworks */ = {isa = PBXBuildFile; fileRef = 66B920F0FDA6C01816507D95 /* Pods_App1_3.framework */; };
		AFBFD1141F20038000F8CDED /* AppDelegate.swift in Sources */ = {isa = PBXBuildFile; fileRef = AFBFD1131F20038000F8CDED /* AppDelegate.swift */; };
		AFBFD1161F20038000F8CDED /* ViewController.swift in Sources */ = {isa = PBXBuildFile; fileRef = AFBFD1151F20038000F8CDED /* ViewController.swift */; };
		AFBFD1191F20038000F8CDED /* Main.storyboard in Resources */ = {isa = PBXBuildFile; fileRef = AFBFD1171F20038000F8CDED /* Main.storyboard */; };
		AFBFD11B1F20038000F8CDED /* Assets.xcassets in Resources */ = {isa = PBXBuildFile; fileRef = AFBFD11A1F20038000F8CDED /* Assets.xcassets */; };
		AFBFD11E1F20038000F8CDED /* LaunchScreen.storyboard in Resources */ = {isa = PBXBuildFile; fileRef = AFBFD11C1F20038000F8CDED /* LaunchScreen.storyboard */; };
/* End PBXBuildFile section */

/* Begin PBXFileReference section */
		5C364229679E1FEEB57F22E7 /* Pods-App1.3.debug.xcconfig */ = {isa = PBXFileReference; includeInIndex = 1; lastKnownFileType = text.xcconfig; name = "Pods-App1.3.debug.xcconfig"; path = "Pods/Target Support Files/Pods-App1.3/Pods-App1.3.debug.xcconfig"; sourceTree = "<group>"; };
		66B920F0FDA6C01816507D95 /* Pods_App1_3.framework */ = {isa = PBXFileReference; explicitFileType = wrapper.framework; includeInIndex = 0; path = Pods_App1_3.framework; sourceTree = BUILT_PRODUCTS_DIR; };
		AFBFD1101F20038000F8CDED /* App1.3.app */ = {isa = PBXFileReference; explicitFileType = wrapper.application; includeInIndex = 0; path = App1.3.app; sourceTree = BUILT_PRODUCTS_DIR; };
		AFBFD1131F20038000F8CDED /* AppDelegate.swift */ = {isa = PBXFileReference; lastKnownFileType = sourcecode.swift; path = AppDelegate.swift; sourceTree = "<group>"; };
		AFBFD1151F20038000F8CDED /* ViewController.swift */ = {isa = PBXFileReference; lastKnownFileType = sourcecode.swift; path = ViewController.swift; sourceTree = "<group>"; };
		AFBFD1181F20038000F8CDED /* Base */ = {isa = PBXFileReference; lastKnownFileType = file.storyboard; name = Base; path = Base.lproj/Main.storyboard; sourceTree = "<group>"; };
		AFBFD11A1F20038000F8CDED /* Assets.xcassets */ = {isa = PBXFileReference; lastKnownFileType = folder.assetcatalog; path = Assets.xcassets; sourceTree = "<group>"; };
		AFBFD11D1F20038000F8CDED /* Base */ = {isa = PBXFileReference; lastKnownFileType = file.storyboard; name = Base; path = Base.lproj/LaunchScreen.storyboard; sourceTree = "<group>"; };
		AFBFD11F1F20038000F8CDED /* Info.plist */ = {isa = PBXFileReference; lastKnownFileType = text.plist.xml; path = Info.plist; sourceTree = "<group>"; };
		D511597A7E276436340681DB /* Pods-App1.3.release.xcconfig */ = {isa = PBXFileReference; includeInIndex = 1; lastKnownFileType = text.xcconfig; name = "Pods-App1.3.release.xcconfig"; path = "Pods/Target Support Files/Pods-App1.3/Pods-App1.3.release.xcconfig"; sourceTree = "<group>"; };
/* End PBXFileReference section */

/* Begin PBXFrameworksBuildPhase section */
		AFBFD10D1F20038000F8CDED /* Frameworks */ = {
			isa = PBXFrameworksBuildPhase;
			buildActionMask = 2147483647;
			files = (
				A994C88BD6F0221768442B85 /* Pods_App1_3.framework in Frameworks */,
			);
			runOnlyForDeploymentPostprocessing = 0;
		};
/* End PBXFrameworksBuildPhase section */

/* Begin PBXGroup section */
		74507485194FEFA148D461F0 /* Frameworks */ = {
			isa = PBXGroup;
			children = (
				66B920F0FDA6C01816507D95 /* Pods_App1_3.framework */,
			);
			name = Frameworks;
			sourceTree = "<group>";
		};
		ACFB234CE671E4FFD3680FBF /* Pods */ = {
			isa = PBXGroup;
			children = (
				5C364229679E1FEEB57F22E7 /* Pods-App1.3.debug.xcconfig */,
				D511597A7E276436340681DB /* Pods-App1.3.release.xcconfig */,
			);
			name = Pods;
			sourceTree = "<group>";
		};
		AFBFD1071F20038000F8CDED = {
			isa = PBXGroup;
			children = (
				AFBFD1121F20038000F8CDED /* App1.3 */,
				AFBFD1111F20038000F8CDED /* Products */,
				ACFB234CE671E4FFD3680FBF /* Pods */,
				74507485194FEFA148D461F0 /* Frameworks */,
			);
			sourceTree = "<group>";
		};
		AFBFD1111F20038000F8CDED /* Products */ = {
			isa = PBXGroup;
			children = (
				AFBFD1101F20038000F8CDED /* App1.3.app */,
			);
			name = Products;
			sourceTree = "<group>";
		};
		AFBFD1121F20038000F8CDED /* App1.3 */ = {
			isa = PBXGroup;
			children = (
				AFBFD1131F20038000F8CDED /* AppDelegate.swift */,
				AFBFD1151F20038000F8CDED /* ViewController.swift */,
				AFBFD1171F20038000F8CDED /* Main.storyboard */,
				AFBFD11A1F20038000F8CDED /* Assets.xcassets */,
				AFBFD11C1F20038000F8CDED /* LaunchScreen.storyboard */,
				AFBFD11F1F20038000F8CDED /* Info.plist */,
			);
			path = App1.3;
			sourceTree = "<group>";
		};
/* End PBXGroup section */

/* Begin PBXNativeTarget section */
		AFBFD10F1F20038000F8CDED /* App1.3 */ = {
			isa = PBXNativeTarget;
			buildConfigurationList = AFBFD1221F20038000F8CDED /* Build configuration list for PBXNativeTarget "App1.3" */;
			buildPhases = (
				1FCA473946140CD17A7C728D /* [CP] Check Pods Manifest.lock */,
				AFBFD10C1F20038000F8CDED /* Sources */,
				AFBFD10D1F20038000F8CDED /* Frameworks */,
				AFBFD10E1F20038000F8CDED /* Resources */,
				2CEC6B537E27B21F651B7937 /* [CP] Embed Pods Frameworks */,
				7569359183726456A8B383F6 /* [CP] Copy Pods Resources */,
			);
			buildRules = (
			);
			dependencies = (
			);
			name = App1.3;
			productName = App1.3;
			productReference = AFBFD1101F20038000F8CDED /* App1.3.app */;
			productType = "com.apple.product-type.application";
		};
/* End PBXNativeTarget section */

/* Begin PBXProject section */
		AFBFD1081F20038000F8CDED /* Project object */ = {
			isa = PBXProject;
			attributes = {
				LastSwiftUpdateCheck = 0830;
				LastUpgradeCheck = 0830;
				ORGANIZATIONNAME = "Okavango Systems";
				TargetAttributes = {
					AFBFD10F1F20038000F8CDED = {
						CreatedOnToolsVersion = 8.3.3;
						DevelopmentTeam = MP37RU374V;
						ProvisioningStyle = Automatic;
					};
				};
			};
			buildConfigurationList = AFBFD10B1F20038000F8CDED /* Build configuration list for PBXProject "App1.3" */;
			compatibilityVersion = "Xcode 3.2";
			developmentRegion = English;
			hasScannedForEncodings = 0;
			knownRegions = (
				en,
				Base,
			);
			mainGroup = AFBFD1071F20038000F8CDED;
			productRefGroup = AFBFD1111F20038000F8CDED /* Products */;
			projectDirPath = "";
			projectRoot = "";
			targets = (
				AFBFD10F1F20038000F8CDED /* App1.3 */,
			);
		};
/* End PBXProject section */

/* Begin PBXResourcesBuildPhase section */
		AFBFD10E1F20038000F8CDED /* Resources */ = {
			isa = PBXResourcesBuildPhase;
			buildActionMask = 2147483647;
			files = (
				AFBFD11E1F20038000F8CDED /* LaunchScreen.storyboard in Resources */,
				AFBFD11B1F20038000F8CDED /* Assets.xcassets in Resources */,
				AFBFD1191F20038000F8CDED /* Main.storyboard in Resources */,
			);
			runOnlyForDeploymentPostprocessing = 0;
		};
/* End PBXResourcesBuildPhase section */

/* Begin PBXShellScriptBuildPhase section */
		1FCA473946140CD17A7C728D /* [CP] Check Pods Manifest.lock */ = {
			isa = PBXShellScriptBuildPhase;
			buildActionMask = 2147483647;
			files = (
			);
			inputPaths = (
			);
			name = "[CP] Check Pods Manifest.lock";
			outputPaths = (
			);
			runOnlyForDeploymentPostprocessing = 0;
			shellPath = /bin/sh;
			shellScript = "diff \"${PODS_PODFILE_DIR_PATH}/Podfile.lock\" \"${PODS_ROOT}/Manifest.lock\" > /dev/null\nif [ $? != 0 ] ; then\n    # print error to STDERR\n    echo \"error: The sandbox is not in sync with the Podfile.lock. Run 'pod install' or update your CocoaPods installation.\" >&2\n    exit 1\nfi\n";
			showEnvVarsInLog = 0;
		};
		2CEC6B537E27B21F651B7937 /* [CP] Embed Pods Frameworks */ = {
			isa = PBXShellScriptBuildPhase;
			buildActionMask = 2147483647;
			files = (
			);
			inputPaths = (
			);
			name = "[CP] Embed Pods Frameworks";
			outputPaths = (
			);
			runOnlyForDeploymentPostprocessing = 0;
			shellPath = /bin/sh;
			shellScript = "\"${SRCROOT}/Pods/Target Support Files/Pods-App1.3/Pods-App1.3-frameworks.sh\"\n";
			showEnvVarsInLog = 0;
		};
		7569359183726456A8B383F6 /* [CP] Copy Pods Resources */ = {
			isa = PBXShellScriptBuildPhase;
			buildActionMask = 2147483647;
			files = (
			);
			inputPaths = (
			);
			name = "[CP] Copy Pods Resources";
			outputPaths = (
			);
			runOnlyForDeploymentPostprocessing = 0;
			shellPath = /bin/sh;
			shellScript = "\"${SRCROOT}/Pods/Target Support Files/Pods-App1.3/Pods-App1.3-resources.sh\"\n";
			showEnvVarsInLog = 0;
		};
/* End PBXShellScriptBuildPhase section */

/* Begin PBXSourcesBuildPhase section */
		AFBFD10C1F20038000F8CDED /* Sources */ = {
			isa = PBXSourcesBuildPhase;
			buildActionMask = 2147483647;
			files = (
				AFBFD1161F20038000F8CDED /* ViewController.swift in Sources */,
				AFBFD1141F20038000F8CDED /* AppDelegate.swift in Sources */,
			);
			runOnlyForDeploymentPostprocessing = 0;
		};
/* End PBXSourcesBuildPhase section */

/* Begin PBXVariantGroup section */
		AFBFD1171F20038000F8CDED /* Main.storyboard */ = {
			isa = PBXVariantGroup;
			children = (
				AFBFD1181F20038000F8CDED /* Base */,
			);
			name = Main.storyboard;
			sourceTree = "<group>";
		};
		AFBFD11C1F20038000F8CDED /* LaunchScreen.storyboard */ = {
			isa = PBXVariantGroup;
			children = (
				AFBFD11D1F20038000F8CDED /* Base */,
			);
			name = LaunchScreen.storyboard;
			sourceTree = "<group>";
		};
/* End PBXVariantGroup section */

/* Begin XCBuildConfiguration section */
		AFBFD1201F20038000F8CDED /* Debug */ = {
			isa = XCBuildConfiguration;
			buildSettings = {
				ALWAYS_SEARCH_USER_PATHS = NO;
				CLANG_ANALYZER_NONNULL = YES;
				CLANG_ANALYZER_NUMBER_OBJECT_CONVERSION = YES_AGGRESSIVE;
				CLANG_CXX_LANGUAGE_STANDARD = "gnu++0x";
				CLANG_CXX_LIBRARY = "libc++";
				CLANG_ENABLE_MODULES = YES;
				CLANG_ENABLE_OBJC_ARC = YES;
				CLANG_WARN_BOOL_CONVERSION = YES;
				CLANG_WARN_CONSTANT_CONVERSION = YES;
				CLANG_WARN_DIRECT_OBJC_ISA_USAGE = YES_ERROR;
				CLANG_WARN_DOCUMENTATION_COMMENTS = YES;
				CLANG_WARN_EMPTY_BODY = YES;
				CLANG_WARN_ENUM_CONVERSION = YES;
				CLANG_WARN_INFINITE_RECURSION = YES;
				CLANG_WARN_INT_CONVERSION = YES;
				CLANG_WARN_OBJC_ROOT_CLASS = YES_ERROR;
				CLANG_WARN_SUSPICIOUS_MOVE = YES;
				CLANG_WARN_UNREACHABLE_CODE = YES;
				CLANG_WARN__DUPLICATE_METHOD_MATCH = YES;
				"CODE_SIGN_IDENTITY[sdk=iphoneos*]" = "iPhone Developer";
				COPY_PHASE_STRIP = NO;
				DEBUG_INFORMATION_FORMAT = dwarf;
				ENABLE_STRICT_OBJC_MSGSEND = YES;
				ENABLE_TESTABILITY = YES;
				GCC_C_LANGUAGE_STANDARD = gnu99;
				GCC_DYNAMIC_NO_PIC = NO;
				GCC_NO_COMMON_BLOCKS = YES;
				GCC_OPTIMIZATION_LEVEL = 0;
				GCC_PREPROCESSOR_DEFINITIONS = (
					"DEBUG=1",
					"$(inherited)",
				);
				GCC_WARN_64_TO_32_BIT_CONVERSION = YES;
				GCC_WARN_ABOUT_RETURN_TYPE = YES_ERROR;
				GCC_WARN_UNDECLARED_SELECTOR = YES;
				GCC_WARN_UNINITIALIZED_AUTOS = YES_AGGRESSIVE;
				GCC_WARN_UNUSED_FUNCTION = YES;
				GCC_WARN_UNUSED_VARIABLE = YES;
				IPHONEOS_DEPLOYMENT_TARGET = 10.3;
				MTL_ENABLE_DEBUG_INFO = YES;
				ONLY_ACTIVE_ARCH = YES;
				SDKROOT = iphoneos;
				SWIFT_ACTIVE_COMPILATION_CONDITIONS = DEBUG;
				SWIFT_OPTIMIZATION_LEVEL = "-Onone";
				TARGETED_DEVICE_FAMILY = "1,2";
			};
			name = Debug;
		};
		AFBFD1211F20038000F8CDED /* Release */ = {
			isa = XCBuildConfiguration;
			buildSettings = {
				ALWAYS_SEARCH_USER_PATHS = NO;
				CLANG_ANALYZER_NONNULL = YES;
				CLANG_ANALYZER_NUMBER_OBJECT_CONVERSION = YES_AGGRESSIVE;
				CLANG_CXX_LANGUAGE_STANDARD = "gnu++0x";
				CLANG_CXX_LIBRARY = "libc++";
				CLANG_ENABLE_MODULES = YES;
				CLANG_ENABLE_OBJC_ARC = YES;
				CLANG_WARN_BOOL_CONVERSION = YES;
				CLANG_WARN_CONSTANT_CONVERSION = YES;
				CLANG_WARN_DIRECT_OBJC_ISA_USAGE = YES_ERROR;
				CLANG_WARN_DOCUMENTATION_COMMENTS = YES;
				CLANG_WARN_EMPTY_BODY = YES;
				CLANG_WARN_ENUM_CONVERSION = YES;
				CLANG_WARN_INFINITE_RECURSION = YES;
				CLANG_WARN_INT_CONVERSION = YES;
				CLANG_WARN_OBJC_ROOT_CLASS = YES_ERROR;
				CLANG_WARN_SUSPICIOUS_MOVE = YES;
				CLANG_WARN_UNREACHABLE_CODE = YES;
				CLANG_WARN__DUPLICATE_METHOD_MATCH = YES;
				"CODE_SIGN_IDENTITY[sdk=iphoneos*]" = "iPhone Developer";
				COPY_PHASE_STRIP = NO;
				DEBUG_INFORMATION_FORMAT = "dwarf-with-dsym";
				ENABLE_NS_ASSERTIONS = NO;
				ENABLE_STRICT_OBJC_MSGSEND = YES;
				GCC_C_LANGUAGE_STANDARD = gnu99;
				GCC_NO_COMMON_BLOCKS = YES;
				GCC_WARN_64_TO_32_BIT_CONVERSION = YES;
				GCC_WARN_ABOUT_RETURN_TYPE = YES_ERROR;
				GCC_WARN_UNDECLARED_SELECTOR = YES;
				GCC_WARN_UNINITIALIZED_AUTOS = YES_AGGRESSIVE;
				GCC_WARN_UNUSED_FUNCTION = YES;
				GCC_WARN_UNUSED_VARIABLE = YES;
				IPHONEOS_DEPLOYMENT_TARGET = 10.3;
				MTL_ENABLE_DEBUG_INFO = NO;
				SDKROOT = iphoneos;
				SWIFT_OPTIMIZATION_LEVEL = "-Owholemodule";
				TARGETED_DEVICE_FAMILY = "1,2";
				VALIDATE_PRODUCT = YES;
			};
			name = Release;
		};
		AFBFD1231F20038000F8CDED /* Debug */ = {
			isa = XCBuildConfiguration;
			baseConfigurationReference = 5C364229679E1FEEB57F22E7 /* Pods-App1.3.debug.xcconfig */;
			buildSettings = {
				ASSETCATALOG_COMPILER_APPICON_NAME = AppIcon;
				DEVELOPMENT_TEAM = MP37RU374V;
				INFOPLIST_FILE = App1.3/Info.plist;
				LD_RUNPATH_SEARCH_PATHS = "$(inherited) @executable_path/Frameworks";
				PRODUCT_BUNDLE_IDENTIFIER = "com.Jaiveer.App1.3.App1-3";
				PRODUCT_NAME = "$(TARGET_NAME)";
				SWIFT_VERSION = 3.0;
			};
			name = Debug;
		};
		AFBFD1241F20038000F8CDED /* Release */ = {
			isa = XCBuildConfiguration;
			baseConfigurationReference = D511597A7E276436340681DB /* Pods-App1.3.release.xcconfig */;
			buildSettings = {
				ASSETCATALOG_COMPILER_APPICON_NAME = AppIcon;
				DEVELOPMENT_TEAM = MP37RU374V;
				INFOPLIST_FILE = App1.3/Info.plist;
				LD_RUNPATH_SEARCH_PATHS = "$(inherited) @executable_path/Frameworks";
				PRODUCT_BUNDLE_IDENTIFIER = "com.Jaiveer.App1.3.App1-3";
				PRODUCT_NAME = "$(TARGET_NAME)";
				SWIFT_VERSION = 3.0;
			};
			name = Release;
		};
/* End XCBuildConfiguration section */

/* Begin XCConfigurationList section */
		AFBFD10B1F20038000F8CDED /* Build configuration list for PBXProject "App1.3" */ = {
			isa = XCConfigurationList;
			buildConfigurations = (
				AFBFD1201F20038000F8CDED /* Debug */,
				AFBFD1211F20038000F8CDED /* Release */,
			);
			defaultConfigurationIsVisible = 0;
			defaultConfigurationName = Release;
		};
		AFBFD1221F20038000F8CDED /* Build configuration list for PBXNativeTarget "App1.3" */ = {
			isa = XCConfigurationList;
			buildConfigurations = (
				AFBFD1231F20038000F8CDED /* Debug */,
				AFBFD1241F20038000F8CDED /* Release */,
			);
			defaultConfigurationIsVisible = 0;
		};
/* End XCConfigurationList section */
	};
	rootObject = AFBFD1081F20038000F8CDED /* Project object */;
}
