// !$*UTF8*$!
{
	archiveVersion = 1;
	classes = {
	};
	objectVersion = 46;
	objects = {

/* Begin PBXBuildFile section */
		AFBFD1321F26BA9500F8CDED /* AppDelegate.swift in Sources */ = {isa = PBXBuildFile; fileRef = AFBFD1311F26BA9500F8CDED /* AppDelegate.swift */; };
		AFBFD1341F26BA9500F8CDED /* ViewController.swift in Sources */ = {isa = PBXBuildFile; fileRef = AFBFD1331F26BA9500F8CDED /* ViewController.swift */; };
		AFBFD1371F26BA9500F8CDED /* Main.storyboard in Resources */ = {isa = PBXBuildFile; fileRef = AFBFD1351F26BA9500F8CDED /* Main.storyboard */; };
		AFBFD1391F26BA9500F8CDED /* Assets.xcassets in Resources */ = {isa = PBXBuildFile; fileRef = AFBFD1381F26BA9500F8CDED /* Assets.xcassets */; };
		AFBFD13C1F26BA9500F8CDED /* LaunchScreen.storyboard in Resources */ = {isa = PBXBuildFile; fileRef = AFBFD13A1F26BA9500F8CDED /* LaunchScreen.storyboard */; };
		AFBFD1451F26BB0000F8CDED /* FaceView.swift in Sources */ = {isa = PBXBuildFile; fileRef = AFBFD1441F26BB0000F8CDED /* FaceView.swift */; };
		AFBFD1491F26CAAE00F8CDED /* FacialExpression.swift in Sources */ = {isa = PBXBuildFile; fileRef = AFBFD1481F26CAAE00F8CDED /* FacialExpression.swift */; };
/* End PBXBuildFile section */

/* Begin PBXFileReference section */
		AFBFD12E1F26BA9500F8CDED /* FaceIt.app */ = {isa = PBXFileReference; explicitFileType = wrapper.application; includeInIndex = 0; path = FaceIt.app; sourceTree = BUILT_PRODUCTS_DIR; };
		AFBFD1311F26BA9500F8CDED /* AppDelegate.swift */ = {isa = PBXFileReference; lastKnownFileType = sourcecode.swift; path = AppDelegate.swift; sourceTree = "<group>"; };
		AFBFD1331F26BA9500F8CDED /* ViewController.swift */ = {isa = PBXFileReference; lastKnownFileType = sourcecode.swift; path = ViewController.swift; sourceTree = "<group>"; };
		AFBFD1361F26BA9500F8CDED /* Base */ = {isa = PBXFileReference; lastKnownFileType = file.storyboard; name = Base; path = Base.lproj/Main.storyboard; sourceTree = "<group>"; };
		AFBFD1381F26BA9500F8CDED /* Assets.xcassets */ = {isa = PBXFileReference; lastKnownFileType = folder.assetcatalog; path = Assets.xcassets; sourceTree = "<group>"; };
		AFBFD13B1F26BA9500F8CDED /* Base */ = {isa = PBXFileReference; lastKnownFileType = file.storyboard; name = Base; path = Base.lproj/LaunchScreen.storyboard; sourceTree = "<group>"; };
		AFBFD13D1F26BA9500F8CDED /* Info.plist */ = {isa = PBXFileReference; lastKnownFileType = text.plist.xml; path = Info.plist; sourceTree = "<group>"; };
		AFBFD1441F26BB0000F8CDED /* FaceView.swift */ = {isa = PBXFileReference; fileEncoding = 4; lastKnownFileType = sourcecode.swift; path = FaceView.swift; sourceTree = "<group>"; };
		AFBFD1481F26CAAE00F8CDED /* FacialExpression.swift */ = {isa = PBXFileReference; fileEncoding = 4; lastKnownFileType = sourcecode.swift; path = FacialExpression.swift; sourceTree = "<group>"; };
/* End PBXFileReference section */

/* Begin PBXFrameworksBuildPhase section */
		AFBFD12B1F26BA9500F8CDED /* Frameworks */ = {
			isa = PBXFrameworksBuildPhase;
			buildActionMask = 2147483647;
			files = (
			);
			runOnlyForDeploymentPostprocessing = 0;
		};
/* End PBXFrameworksBuildPhase section */

/* Begin PBXGroup section */
		AFBFD1251F26BA9500F8CDED = {
			isa = PBXGroup;
			children = (
				AFBFD1301F26BA9500F8CDED /* FaceIt */,
				AFBFD12F1F26BA9500F8CDED /* Products */,
			);
			sourceTree = "<group>";
		};
		AFBFD12F1F26BA9500F8CDED /* Products */ = {
			isa = PBXGroup;
			children = (
				AFBFD12E1F26BA9500F8CDED /* FaceIt.app */,
			);
			name = Products;
			sourceTree = "<group>";
		};
		AFBFD1301F26BA9500F8CDED /* FaceIt */ = {
			isa = PBXGroup;
			children = (
				AFBFD1431F26BAAB00F8CDED /* Supporting Files */,
				AFBFD1331F26BA9500F8CDED /* ViewController.swift */,
				AFBFD1481F26CAAE00F8CDED /* FacialExpression.swift */,
				AFBFD1441F26BB0000F8CDED /* FaceView.swift */,
				AFBFD1351F26BA9500F8CDED /* Main.storyboard */,
			);
			path = FaceIt;
			sourceTree = "<group>";
		};
		AFBFD1431F26BAAB00F8CDED /* Supporting Files */ = {
			isa = PBXGroup;
			children = (
				AFBFD1311F26BA9500F8CDED /* AppDelegate.swift */,
				AFBFD1381F26BA9500F8CDED /* Assets.xcassets */,
				AFBFD13A1F26BA9500F8CDED /* LaunchScreen.storyboard */,
				AFBFD13D1F26BA9500F8CDED /* Info.plist */,
			);
			name = "Supporting Files";
			sourceTree = "<group>";
		};
/* End PBXGroup section */

/* Begin PBXNativeTarget section */
		AFBFD12D1F26BA9500F8CDED /* FaceIt */ = {
			isa = PBXNativeTarget;
			buildConfigurationList = AFBFD1401F26BA9500F8CDED /* Build configuration list for PBXNativeTarget "FaceIt" */;
			buildPhases = (
				AFBFD12A1F26BA9500F8CDED /* Sources */,
				AFBFD12B1F26BA9500F8CDED /* Frameworks */,
				AFBFD12C1F26BA9500F8CDED /* Resources */,
			);
			buildRules = (
			);
			dependencies = (
			);
			name = FaceIt;
			productName = FaceIt;
			productReference = AFBFD12E1F26BA9500F8CDED /* FaceIt.app */;
			productType = "com.apple.product-type.application";
		};
/* End PBXNativeTarget section */

/* Begin PBXProject section */
		AFBFD1261F26BA9500F8CDED /* Project object */ = {
			isa = PBXProject;
			attributes = {
				LastSwiftUpdateCheck = 0830;
				LastUpgradeCheck = 0830;
				ORGANIZATIONNAME = "Okavango Systems";
				TargetAttributes = {
					AFBFD12D1F26BA9500F8CDED = {
						CreatedOnToolsVersion = 8.3.3;
						DevelopmentTeam = MP37RU374V;
						ProvisioningStyle = Automatic;
					};
				};
			};
			buildConfigurationList = AFBFD1291F26BA9500F8CDED /* Build configuration list for PBXProject "FaceIt" */;
			compatibilityVersion = "Xcode 3.2";
			developmentRegion = English;
			hasScannedForEncodings = 0;
			knownRegions = (
				en,
				Base,
			);
			mainGroup = AFBFD1251F26BA9500F8CDED;
			productRefGroup = AFBFD12F1F26BA9500F8CDED /* Products */;
			projectDirPath = "";
			projectRoot = "";
			targets = (
				AFBFD12D1F26BA9500F8CDED /* FaceIt */,
			);
		};
/* End PBXProject section */

/* Begin PBXResourcesBuildPhase section */
		AFBFD12C1F26BA9500F8CDED /* Resources */ = {
			isa = PBXResourcesBuildPhase;
			buildActionMask = 2147483647;
			files = (
				AFBFD13C1F26BA9500F8CDED /* LaunchScreen.storyboard in Resources */,
				AFBFD1391F26BA9500F8CDED /* Assets.xcassets in Resources */,
				AFBFD1371F26BA9500F8CDED /* Main.storyboard in Resources */,
			);
			runOnlyForDeploymentPostprocessing = 0;
		};
/* End PBXResourcesBuildPhase section */

/* Begin PBXSourcesBuildPhase section */
		AFBFD12A1F26BA9500F8CDED /* Sources */ = {
			isa = PBXSourcesBuildPhase;
			buildActionMask = 2147483647;
			files = (
				AFBFD1341F26BA9500F8CDED /* ViewController.swift in Sources */,
				AFBFD1491F26CAAE00F8CDED /* FacialExpression.swift in Sources */,
				AFBFD1321F26BA9500F8CDED /* AppDelegate.swift in Sources */,
				AFBFD1451F26BB0000F8CDED /* FaceView.swift in Sources */,
			);
			runOnlyForDeploymentPostprocessing = 0;
		};
/* End PBXSourcesBuildPhase section */

/* Begin PBXVariantGroup section */
		AFBFD1351F26BA9500F8CDED /* Main.storyboard */ = {
			isa = PBXVariantGroup;
			children = (
				AFBFD1361F26BA9500F8CDED /* Base */,
			);
			name = Main.storyboard;
			sourceTree = "<group>";
		};
		AFBFD13A1F26BA9500F8CDED /* LaunchScreen.storyboard */ = {
			isa = PBXVariantGroup;
			children = (
				AFBFD13B1F26BA9500F8CDED /* Base */,
			);
			name = LaunchScreen.storyboard;
			sourceTree = "<group>";
		};
/* End PBXVariantGroup section */

/* Begin XCBuildConfiguration section */
		AFBFD13E1F26BA9500F8CDED /* Debug */ = {
			isa = XCBuildConfiguration;
			buildSettings = {
				ALWAYS_SEARCH_USER_PATHS = NO;
				CLANG_ANALYZER_NONNULL = YES;
				CLANG_ANALYZER_NUMBER_OBJECT_CONVERSION = YES_AGGRESSIVE;
				CLANG_CXX_LANGUAGE_STANDARD = "gnu++0x";
				CLANG_CXX_LIBRARY = "libc++";
				CLANG_ENABLE_MODULES = YES;
				CLANG_ENABLE_OBJC_ARC = YES;
				CLANG_WARN_BOOL_CONVERSION = YES;
				CLANG_WARN_CONSTANT_CONVERSION = YES;
				CLANG_WARN_DIRECT_OBJC_ISA_USAGE = YES_ERROR;
				CLANG_WARN_DOCUMENTATION_COMMENTS = YES;
				CLANG_WARN_EMPTY_BODY = YES;
				CLANG_WARN_ENUM_CONVERSION = YES;
				CLANG_WARN_INFINITE_RECURSION = YES;
				CLANG_WARN_INT_CONVERSION = YES;
				CLANG_WARN_OBJC_ROOT_CLASS = YES_ERROR;
				CLANG_WARN_SUSPICIOUS_MOVE = YES;
				CLANG_WARN_UNREACHABLE_CODE = YES;
				CLANG_WARN__DUPLICATE_METHOD_MATCH = YES;
				"CODE_SIGN_IDENTITY[sdk=iphoneos*]" = "iPhone Developer";
				COPY_PHASE_STRIP = NO;
				DEBUG_INFORMATION_FORMAT = dwarf;
				ENABLE_STRICT_OBJC_MSGSEND = YES;
				ENABLE_TESTABILITY = YES;
				GCC_C_LANGUAGE_STANDARD = gnu99;
				GCC_DYNAMIC_NO_PIC = NO;
				GCC_NO_COMMON_BLOCKS = YES;
				GCC_OPTIMIZATION_LEVEL = 0;
				GCC_PREPROCESSOR_DEFINITIONS = (
					"DEBUG=1",
					"$(inherited)",
				);
				GCC_WARN_64_TO_32_BIT_CONVERSION = YES;
				GCC_WARN_ABOUT_RETURN_TYPE = YES_ERROR;
				GCC_WARN_UNDECLARED_SELECTOR = YES;
				GCC_WARN_UNINITIALIZED_AUTOS = YES_AGGRESSIVE;
				GCC_WARN_UNUSED_FUNCTION = YES;
				GCC_WARN_UNUSED_VARIABLE = YES;
				IPHONEOS_DEPLOYMENT_TARGET = 10.3;
				MTL_ENABLE_DEBUG_INFO = YES;
				ONLY_ACTIVE_ARCH = YES;
				SDKROOT = iphoneos;
				SWIFT_ACTIVE_COMPILATION_CONDITIONS = DEBUG;
				SWIFT_OPTIMIZATION_LEVEL = "-Onone";
				TARGETED_DEVICE_FAMILY = "1,2";
			};
			name = Debug;
		};
		AFBFD13F1F26BA9500F8CDED /* Release */ = {
			isa = XCBuildConfiguration;
			buildSettings = {
				ALWAYS_SEARCH_USER_PATHS = NO;
				CLANG_ANALYZER_NONNULL = YES;
				CLANG_ANALYZER_NUMBER_OBJECT_CONVERSION = YES_AGGRESSIVE;
				CLANG_CXX_LANGUAGE_STANDARD = "gnu++0x";
				CLANG_CXX_LIBRARY = "libc++";
				CLANG_ENABLE_MODULES = YES;
				CLANG_ENABLE_OBJC_ARC = YES;
				CLANG_WARN_BOOL_CONVERSION = YES;
				CLANG_WARN_CONSTANT_CONVERSION = YES;
				CLANG_WARN_DIRECT_OBJC_ISA_USAGE = YES_ERROR;
				CLANG_WARN_DOCUMENTATION_COMMENTS = YES;
				CLANG_WARN_EMPTY_BODY = YES;
				CLANG_WARN_ENUM_CONVERSION = YES;
				CLANG_WARN_INFINITE_RECURSION = YES;
				CLANG_WARN_INT_CONVERSION = YES;
				CLANG_WARN_OBJC_ROOT_CLASS = YES_ERROR;
				CLANG_WARN_SUSPICIOUS_MOVE = YES;
				CLANG_WARN_UNREACHABLE_CODE = YES;
				CLANG_WARN__DUPLICATE_METHOD_MATCH = YES;
				"CODE_SIGN_IDENTITY[sdk=iphoneos*]" = "iPhone Developer";
				COPY_PHASE_STRIP = NO;
				DEBUG_INFORMATION_FORMAT = "dwarf-with-dsym";
				ENABLE_NS_ASSERTIONS = NO;
				ENABLE_STRICT_OBJC_MSGSEND = YES;
				GCC_C_LANGUAGE_STANDARD = gnu99;
				GCC_NO_COMMON_BLOCKS = YES;
				GCC_WARN_64_TO_32_BIT_CONVERSION = YES;
				GCC_WARN_ABOUT_RETURN_TYPE = YES_ERROR;
				GCC_WARN_UNDECLARED_SELECTOR = YES;
				GCC_WARN_UNINITIALIZED_AUTOS = YES_AGGRESSIVE;
				GCC_WARN_UNUSED_FUNCTION = YES;
				GCC_WARN_UNUSED_VARIABLE = YES;
				IPHONEOS_DEPLOYMENT_TARGET = 10.3;
				MTL_ENABLE_DEBUG_INFO = NO;
				SDKROOT = iphoneos;
				SWIFT_OPTIMIZATION_LEVEL = "-Owholemodule";
				TARGETED_DEVICE_FAMILY = "1,2";
				VALIDATE_PRODUCT = YES;
			};
			name = Release;
		};
		AFBFD1411F26BA9500F8CDED /* Debug */ = {
			isa = XCBuildConfiguration;
			buildSettings = {
				ASSETCATALOG_COMPILER_APPICON_NAME = AppIcon;
				DEVELOPMENT_TEAM = MP37RU374V;
				INFOPLIST_FILE = FaceIt/Info.plist;
				LD_RUNPATH_SEARCH_PATHS = "$(inherited) @executable_path/Frameworks";
				PRODUCT_BUNDLE_IDENTIFIER = com.Jaiveer.FaceIt;
				PRODUCT_NAME = "$(TARGET_NAME)";
				SWIFT_VERSION = 3.0;
			};
			name = Debug;
		};
		AFBFD1421F26BA9500F8CDED /* Release */ = {
			isa = XCBuildConfiguration;
			buildSettings = {
				ASSETCATALOG_COMPILER_APPICON_NAME = AppIcon;
				DEVELOPMENT_TEAM = MP37RU374V;
				INFOPLIST_FILE = FaceIt/Info.plist;
				LD_RUNPATH_SEARCH_PATHS = "$(inherited) @executable_path/Frameworks";
				PRODUCT_BUNDLE_IDENTIFIER = com.Jaiveer.FaceIt;
				PRODUCT_NAME = "$(TARGET_NAME)";
				SWIFT_VERSION = 3.0;
			};
			name = Release;
		};
/* End XCBuildConfiguration section */

/* Begin XCConfigurationList section */
		AFBFD1291F26BA9500F8CDED /* Build configuration list for PBXProject "FaceIt" */ = {
			isa = XCConfigurationList;
			buildConfigurations = (
				AFBFD13E1F26BA9500F8CDED /* Debug */,
				AFBFD13F1F26BA9500F8CDED /* Release */,
			);
			defaultConfigurationIsVisible = 0;
			defaultConfigurationName = Release;
		};
		AFBFD1401F26BA9500F8CDED /* Build configuration list for PBXNativeTarget "FaceIt" */ = {
			isa = XCConfigurationList;
			buildConfigurations = (
				AFBFD1411F26BA9500F8CDED /* Debug */,
				AFBFD1421F26BA9500F8CDED /* Release */,
			);
			defaultConfigurationIsVisible = 0;
		};
/* End XCConfigurationList section */
	};
	rootObject = AFBFD1261F26BA9500F8CDED /* Project object */;
}
